
Microsoft Visual Studio Solution File, Format Version 12.00
# Visual Studio 15
VisualStudioVersion = 15.0.28307.852
MinimumVisualStudioVersion = 10.0.40219.1
Project("{E24C65DC-7377-472B-9ABA-BC803B73C61A}") = "sy", "sy\", "{BFBD782B-616A-4A8C-8C62-F085835A5B89}"
	ProjectSection(WebsiteProperties) = preProject
		TargetFrameworkMoniker = ".NETFramework,Version%3Dv4.6.1"
		Debug.AspNetCompiler.VirtualPath = "/localhost_49874"
		Debug.AspNetCompiler.PhysicalPath = "sy\"
		Debug.AspNetCompiler.TargetPath = "PrecompiledWeb\localhost_49874\"
		Debug.AspNetCompiler.Updateable = "true"
		Debug.AspNetCompiler.ForceOverwrite = "true"
		Debug.AspNetCompiler.FixedNames = "false"
		Debug.AspNetCompiler.Debug = "True"
		Release.AspNetCompiler.VirtualPath = "/localhost_49874"
		Release.AspNetCompiler.PhysicalPath = "sy\"
		Release.AspNetCompiler.TargetPath = "PrecompiledWeb\localhost_49874\"
		Release.AspNetCompiler.Updateable = "true"
		Release.AspNetCompiler.ForceOverwrite = "true"
		Release.AspNetCompiler.FixedNames = "false"
		Release.AspNetCompiler.Debug = "False"
		VWDPort = "49874"
		SlnRelativePath = "sy\"
		DefaultWebSiteLanguage = "Visual C#"
	EndProjectSection
EndProject
Project("{2150E333-8FDC-42A3-9474-1A3956D46DE8}") = "sy9", "sy9", "{A688A780-7245-4C58-BBF0-16B1812CB841}"
EndProject
Project("{E24C65DC-7377-472B-9ABA-BC803B73C61A}") = "MyPetShop.Web", "MyPetShop.Web\", "{801CE9D9-6612-4E42-9A45-209E7A8989EB}"
	ProjectSection(WebsiteProperties) = preProject
		TargetFrameworkMoniker = ".NETFramework,Version%3Dv4.6.1"
		ProjectReferences = "{f1dfe915-3899-49f7-b661-1c0b2656bbe7}|MyPetShop.BLL.dll;{4226FAD7-CDF1-4F07-A298-38979102FD73}|MyPetShop.DAL.dll;"
		Debug.AspNetCompiler.VirtualPath = "/localhost_50165"
		Debug.AspNetCompiler.PhysicalPath = "MyPetShop.Web\"
		Debug.AspNetCompiler.TargetPath = "PrecompiledWeb\localhost_50165\"
		Debug.AspNetCompiler.Updateable = "true"
		Debug.AspNetCompiler.ForceOverwrite = "true"
		Debug.AspNetCompiler.FixedNames = "false"
		Debug.AspNetCompiler.Debug = "True"
		Release.AspNetCompiler.VirtualPath = "/localhost_50165"
		Release.AspNetCompiler.PhysicalPath = "MyPetShop.Web\"
		Release.AspNetCompiler.TargetPath = "PrecompiledWeb\localhost_50165\"
		Release.AspNetCompiler.Updateable = "true"
		Release.AspNetCompiler.ForceOverwrite = "true"
		Release.AspNetCompiler.FixedNames = "false"
		Release.AspNetCompiler.Debug = "False"
		VWDPort = "50165"
		SlnRelativePath = "MyPetShop.Web\"
		DefaultWebSiteLanguage = "Visual C#"
	EndProjectSection
EndProject
Project("{FAE04EC0-301F-11D3-BF4B-00C04F79EFBC}") = "MyPetShop.BLL", "MyPetShop.BLL\MyPetShop.BLL.csproj", "{F1DFE915-3899-49F7-B661-1C0B2656BBE7}"
EndProject
Project("{FAE04EC0-301F-11D3-BF4B-00C04F79EFBC}") = "MyPetShop.DAL", "MyPetShop.DAL\MyPetShop.DAL.csproj", "{4226FAD7-CDF1-4F07-A298-38979102FD73}"
EndProject
Project("{2150E333-8FDC-42A3-9474-1A3956D46DE8}") = "NJUJLXYOpenCoursePlatform", "NJUJLXYOpenCoursePlatform", "{BAAC2BAC-1A47-4C58-AB11-0037071F7CD9}"
EndProject
Project("{E24C65DC-7377-472B-9ABA-BC803B73C61A}") = "NJUJLXYOpenCoursePlatform.Web", "NJUJLXYOpenCoursePlatform.Web\", "{59DB662A-9DD4-457B-9158-4B2A09632787}"
	ProjectSection(WebsiteProperties) = preProject
		TargetFrameworkMoniker = ".NETFramework,Version%3Dv4.6.1"
		ProjectReferences = "{8b67e4ab-d718-4dca-8614-38d25dc49c44}|NJUJLXYOpenCoursePlatform.BLL.dll;{C270353B-E7F2-4875-964B-ECD571BAFF84}|NJUJLXYOpenCoursePlatform.DAL.dll;"
		Debug.AspNetCompiler.VirtualPath = "/localhost_56192"
		Debug.AspNetCompiler.PhysicalPath = "NJUJLXYOpenCoursePlatform.Web\"
		Debug.AspNetCompiler.TargetPath = "PrecompiledWeb\localhost_56192\"
		Debug.AspNetCompiler.Updateable = "true"
		Debug.AspNetCompiler.ForceOverwrite = "true"
		Debug.AspNetCompiler.FixedNames = "false"
		Debug.AspNetCompiler.Debug = "True"
		Release.AspNetCompiler.VirtualPath = "/localhost_56192"
		Release.AspNetCompiler.PhysicalPath = "NJUJLXYOpenCoursePlatform.Web\"
		Release.AspNetCompiler.TargetPath = "PrecompiledWeb\localhost_56192\"
		Release.AspNetCompiler.Updateable = "true"
		Release.AspNetCompiler.ForceOverwrite = "true"
		Release.AspNetCompiler.FixedNames = "false"
		Release.AspNetCompiler.Debug = "False"
		VWDPort = "56192"
		DefaultWebSiteLanguage = "Visual C#"
	EndProjectSection
EndProject
Project("{FAE04EC0-301F-11D3-BF4B-00C04F79EFBC}") = "NJUJLXYOpenCoursePlatform.BLL", "NJUJLXYOpenCoursePlatform.BLL\NJUJLXYOpenCoursePlatform.BLL.csproj", "{8B67E4AB-D718-4DCA-8614-38D25DC49C44}"
EndProject
Project("{FAE04EC0-301F-11D3-BF4B-00C04F79EFBC}") = "NJUJLXYOpenCoursePlatform.DAL", "NJUJLXYOpenCoursePlatform.DAL\NJUJLXYOpenCoursePlatform.DAL.csproj", "{C270353B-E7F2-4875-964B-ECD571BAFF84}"
EndProject
Global
	GlobalSection(SolutionConfigurationPlatforms) = preSolution
		Debug|Any CPU = Debug|Any CPU
		Release|Any CPU = Release|Any CPU
	EndGlobalSection
	GlobalSection(ProjectConfigurationPlatforms) = postSolution
		{BFBD782B-616A-4A8C-8C62-F085835A5B89}.Debug|Any CPU.ActiveCfg = Debug|Any CPU
		{BFBD782B-616A-4A8C-8C62-F085835A5B89}.Debug|Any CPU.Build.0 = Debug|Any CPU
		{BFBD782B-616A-4A8C-8C62-F085835A5B89}.Release|Any CPU.ActiveCfg = Debug|Any CPU
		{BFBD782B-616A-4A8C-8C62-F085835A5B89}.Release|Any CPU.Build.0 = Debug|Any CPU
		{801CE9D9-6612-4E42-9A45-209E7A8989EB}.Debug|Any CPU.ActiveCfg = Debug|Any CPU
		{801CE9D9-6612-4E42-9A45-209E7A8989EB}.Debug|Any CPU.Build.0 = Debug|Any CPU
		{801CE9D9-6612-4E42-9A45-209E7A8989EB}.Release|Any CPU.ActiveCfg = Debug|Any CPU
		{801CE9D9-6612-4E42-9A45-209E7A8989EB}.Release|Any CPU.Build.0 = Debug|Any CPU
		{F1DFE915-3899-49F7-B661-1C0B2656BBE7}.Debug|Any CPU.ActiveCfg = Debug|Any CPU
		{F1DFE915-3899-49F7-B661-1C0B2656BBE7}.Debug|Any CPU.Build.0 = Debug|Any CPU
		{F1DFE915-3899-49F7-B661-1C0B2656BBE7}.Release|Any CPU.ActiveCfg = Release|Any CPU
		{F1DFE915-3899-49F7-B661-1C0B2656BBE7}.Release|Any CPU.Build.0 = Release|Any CPU
		{4226FAD7-CDF1-4F07-A298-38979102FD73}.Debug|Any CPU.ActiveCfg = Debug|Any CPU
		{4226FAD7-CDF1-4F07-A298-38979102FD73}.Debug|Any CPU.Build.0 = Debug|Any CPU
		{4226FAD7-CDF1-4F07-A298-38979102FD73}.Release|Any CPU.ActiveCfg = Release|Any CPU
		{4226FAD7-CDF1-4F07-A298-38979102FD73}.Release|Any CPU.Build.0 = Release|Any CPU
		{59DB662A-9DD4-457B-9158-4B2A09632787}.Debug|Any CPU.ActiveCfg = Debug|Any CPU
		{59DB662A-9DD4-457B-9158-4B2A09632787}.Debug|Any CPU.Build.0 = Debug|Any CPU
		{59DB662A-9DD4-457B-9158-4B2A09632787}.Release|Any CPU.ActiveCfg = Debug|Any CPU
		{59DB662A-9DD4-457B-9158-4B2A09632787}.Release|Any CPU.Build.0 = Debug|Any CPU
		{8B67E4AB-D718-4DCA-8614-38D25DC49C44}.Debug|Any CPU.ActiveCfg = Debug|Any CPU
		{8B67E4AB-D718-4DCA-8614-38D25DC49C44}.Debug|Any CPU.Build.0 = Debug|Any CPU
		{8B67E4AB-D718-4DCA-8614-38D25DC49C44}.Release|Any CPU.ActiveCfg = Release|Any CPU
		{8B67E4AB-D718-4DCA-8614-38D25DC49C44}.Release|Any CPU.Build.0 = Release|Any CPU
		{C270353B-E7F2-4875-964B-ECD571BAFF84}.Debug|Any CPU.ActiveCfg = Debug|Any CPU
		{C270353B-E7F2-4875-964B-ECD571BAFF84}.Debug|Any CPU.Build.0 = Debug|Any CPU
		{C270353B-E7F2-4875-964B-ECD571BAFF84}.Release|Any CPU.ActiveCfg = Release|Any CPU
		{C270353B-E7F2-4875-964B-ECD571BAFF84}.Release|Any CPU.Build.0 = Release|Any CPU
	EndGlobalSection
	GlobalSection(SolutionProperties) = preSolution
		HideSolutionNode = FALSE
	EndGlobalSection
	GlobalSection(NestedProjects) = preSolution
		{801CE9D9-6612-4E42-9A45-209E7A8989EB} = {A688A780-7245-4C58-BBF0-16B1812CB841}
		{F1DFE915-3899-49F7-B661-1C0B2656BBE7} = {A688A780-7245-4C58-BBF0-16B1812CB841}
		{4226FAD7-CDF1-4F07-A298-38979102FD73} = {A688A780-7245-4C58-BBF0-16B1812CB841}
		{59DB662A-9DD4-457B-9158-4B2A09632787} = {BAAC2BAC-1A47-4C58-AB11-0037071F7CD9}
		{8B67E4AB-D718-4DCA-8614-38D25DC49C44} = {BAAC2BAC-1A47-4C58-AB11-0037071F7CD9}
		{C270353B-E7F2-4875-964B-ECD571BAFF84} = {BAAC2BAC-1A47-4C58-AB11-0037071F7CD9}
	EndGlobalSection
	GlobalSection(ExtensibilityGlobals) = postSolution
		SolutionGuid = {1297FAC9-BD9D-4056-88AE-EAF080C8F7D1}
	EndGlobalSection
EndGlobal
